
Microsoft Visual Studio Solution File, Format Version 12.00
# Visual Studio Version 16
VisualStudioVersion = 16.0.29609.76
MinimumVisualStudioVersion = 10.0.40219.1
Project("{FAE04EC0-301F-11D3-BF4B-00C04F79EFBC}") = "SkillSwap", "SkillSwap.csproj", "{D2863E45-B464-44FB-B86D-9E8108230F53}"
EndProject
Global
	GlobalSection(SolutionConfigurationPlatforms) = preSolution
		Debug|Any CPU = Debug|Any CPU
		Release|Any CPU = Release|Any CPU
	EndGlobalSection
	GlobalSection(ProjectConfigurationPlatforms) = postSolution
		{D2863E45-B464-44FB-B86D-9E8108230F53}.Debug|Any CPU.ActiveCfg = Debug|Any CPU
		{D2863E45-B464-44FB-B86D-9E8108230F53}.Debug|Any CPU.Build.0 = Debug|Any CPU
		{D2863E45-B464-44FB-B86D-9E8108230F53}.Release|Any CPU.ActiveCfg = Release|Any CPU
		{D2863E45-B464-44FB-B86D-9E8108230F53}.Release|Any CPU.Build.0 = Release|Any CPU
	EndGlobalSection
	GlobalSection(SolutionProperties) = preSolution
		HideSolutionNode = FALSE
	EndGlobalSection
	GlobalSection(ExtensibilityGlobals) = postSolution
		SolutionGuid = {E57DEE01-424C-410C-A27F-309AAEECBC85}
	EndGlobalSection
EndGlobal
